{
  "name": "nodejs",
  "lockfileVersion": 2,
  "requires": true,
  "packages": {
    "": {
      "dependencies": {
        "create-response-object": "^1.1.0",
        "cuid": "^2.1.8",
        "legit": "^1.0.9",
        "s3-filename": "^1.0.0"
      }
    },
    "node_modules/create-response-object": {
      "version": "1.1.0",
      "resolved": "https://registry.npmjs.org/create-response-object/-/create-response-object-1.1.0.tgz",
      "integrity": "sha512-/8TjEZ5WxCQ98jbR4+Sb2PBO0BH4tqi8DhUiZZJ0J3KNrV0Y46EfZ8XgVtU1skDR2NhXCVCG8mHLkliojHXaXw=="
    },
    "node_modules/cuid": {
      "version": "2.1.8",
      "resolved": "https://registry.npmjs.org/cuid/-/cuid-2.1.8.tgz",
      "integrity": "sha512-xiEMER6E7TlTPnDxrM4eRiC6TRgjNX9xzEZ5U/Se2YJKr7Mq4pJn/2XEHjl3STcSh96GmkHPcBXLES8M29wyyg=="
    },
    "node_modules/legit": {
      "version": "1.0.9",
      "resolved": "https://registry.npmjs.org/legit/-/legit-1.0.9.tgz",
      "integrity": "sha512-Pg0F7WvuYaFOIqem9p6moK9IoVM/FYa/OjyQbw9qVvdYhiOlPXJTrw4vSQHhIvCgTbfmmGig5d5tyn0w/Gv4Hg=="
    },
    "node_modules/ow": {
      "version": "0.8.0",
      "resolved": "https://registry.npmjs.org/ow/-/ow-0.8.0.tgz",
      "integrity": "sha512-hYgYZNcRfIZ2JppSTqh6mxdU1zkUXsGlwy4eBsRG91R6CiZk7cB+AfHl+SVKBdynQvAnNHNfu0ZrtJN1jj7Mow==",
      "engines": {
        "node": ">=6"
      }
    },
    "node_modules/s3-filename": {
      "version": "1.0.0",
      "resolved": "https://registry.npmjs.org/s3-filename/-/s3-filename-1.0.0.tgz",
      "integrity": "sha512-HDHVIwS9VrzjDd+eSJjDjHJ20WD/I68s5bhIVcb6dte5wCVBBNKtY8Op5cpdPNlMm3vXpgN8wxyjUgzZhi4ahQ==",
      "dependencies": {
        "ow": "^0.8.0",
        "string": "^3.3.3"
      },
      "engines": {
        "node": ">=6"
      }
    },
    "node_modules/string": {
      "version": "3.3.3",
      "resolved": "https://registry.npmjs.org/string/-/string-3.3.3.tgz",
      "integrity": "sha1-XqIRzZLSKOGEKUmQpsyXs2anfLA="
    }
  },
  "dependencies": {
    "create-response-object": {
      "version": "1.1.0",
      "resolved": "https://registry.npmjs.org/create-response-object/-/create-response-object-1.1.0.tgz",
      "integrity": "sha512-/8TjEZ5WxCQ98jbR4+Sb2PBO0BH4tqi8DhUiZZJ0J3KNrV0Y46EfZ8XgVtU1skDR2NhXCVCG8mHLkliojHXaXw=="
    },
    "cuid": {
      "version": "2.1.8",
      "resolved": "https://registry.npmjs.org/cuid/-/cuid-2.1.8.tgz",
      "integrity": "sha512-xiEMER6E7TlTPnDxrM4eRiC6TRgjNX9xzEZ5U/Se2YJKr7Mq4pJn/2XEHjl3STcSh96GmkHPcBXLES8M29wyyg=="
    },
    "legit": {
      "version": "1.0.9",
      "resolved": "https://registry.npmjs.org/legit/-/legit-1.0.9.tgz",
      "integrity": "sha512-Pg0F7WvuYaFOIqem9p6moK9IoVM/FYa/OjyQbw9qVvdYhiOlPXJTrw4vSQHhIvCgTbfmmGig5d5tyn0w/Gv4Hg=="
    },
    "ow": {
      "version": "0.8.0",
      "resolved": "https://registry.npmjs.org/ow/-/ow-0.8.0.tgz",
      "integrity": "sha512-hYgYZNcRfIZ2JppSTqh6mxdU1zkUXsGlwy4eBsRG91R6CiZk7cB+AfHl+SVKBdynQvAnNHNfu0ZrtJN1jj7Mow=="
    },
    "s3-filename": {
      "version": "1.0.0",
      "resolved": "https://registry.npmjs.org/s3-filename/-/s3-filename-1.0.0.tgz",
      "integrity": "sha512-HDHVIwS9VrzjDd+eSJjDjHJ20WD/I68s5bhIVcb6dte5wCVBBNKtY8Op5cpdPNlMm3vXpgN8wxyjUgzZhi4ahQ==",
      "requires": {
        "ow": "^0.8.0",
        "string": "^3.3.3"
      }
    },
    "string": {
      "version": "3.3.3",
      "resolved": "https://registry.npmjs.org/string/-/string-3.3.3.tgz",
      "integrity": "sha1-XqIRzZLSKOGEKUmQpsyXs2anfLA="
    }
  }
}
