{
  "name": "nodejs",
  "lockfileVersion": 2,
  "requires": true,
  "packages": {
    "": {
      "dependencies": {
        "create-response-object": "^1.1.0"
      }
    },
    "node_modules/create-response-object": {
      "version": "1.1.0",
      "resolved": "https://registry.npmjs.org/create-response-object/-/create-response-object-1.1.0.tgz",
      "integrity": "sha512-/8TjEZ5WxCQ98jbR4+Sb2PBO0BH4tqi8DhUiZZJ0J3KNrV0Y46EfZ8XgVtU1skDR2NhXCVCG8mHLkliojHXaXw=="
    }
  },
  "dependencies": {
    "create-response-object": {
      "version": "1.1.0",
      "resolved": "https://registry.npmjs.org/create-response-object/-/create-response-object-1.1.0.tgz",
      "integrity": "sha512-/8TjEZ5WxCQ98jbR4+Sb2PBO0BH4tqi8DhUiZZJ0J3KNrV0Y46EfZ8XgVtU1skDR2NhXCVCG8mHLkliojHXaXw=="
    }
  }
}
